# This file was autogenerated by Stack.
# You should not edit this file by hand.
# For more information, please see the documentation at:
#   https://docs.haskellstack.org/en/stable/lock_files

packages:
- completed:
    size: 45187
    url: https://github.com/hstreamdb/proto3-wire/archive/fee1283d5621290e2cff155abf36598abdd0cd44.tar.gz
    name: proto3-wire
    version: 1.2.2
    sha256: be90ff3a384ee212457ca088fc3193ca4d97594d6dd41c19676be1f68a4b5e63
    pantry-tree:
      size: 1496
      sha256: 36bf5ba73004821614c19501263b9b475c675f44b12866ede3e507c0f6f6f85a
  original:
    url: https://github.com/hstreamdb/proto3-wire/archive/fee1283d5621290e2cff155abf36598abdd0cd44.tar.gz
snapshots:
- completed:
    size: 585393
    url: https://raw.githubusercontent.com/commercialhaskell/stackage-snapshots/master/lts/18/0.yaml
    sha256: c632012da648385b9fa3c29f4e0afd56ead299f1c5528ee789058be410e883c0
  original:
    url: https://raw.githubusercontent.com/commercialhaskell/stackage-snapshots/master/lts/18/0.yaml
